PODS:
  - RxCocoa (3.6.1):
    - RxSwift (~> 3.6)
  - RxOptional (3.1.3):
    - RxCocoa
    - RxSwift
  - RxSwift (3.6.1)
  - youtube-ios-player-helper (0.1.6)

DEPENDENCIES:
  - RxCocoa (~> 3.6)
  - RxOptional (~> 3.1)
  - RxSwift (~> 3.6)
  - youtube-ios-player-helper (~> 0.1.6)

SPEC CHECKSUMS:
  RxCocoa: 84a08739ab186248c7f31ce4ee92d6f8a947d690
  RxOptional: b97b59183af80d1e729ac9e51d09a10be668d6a8
  RxSwift: f9de85ea20cd2f7716ee5409fc13523dc638e4e4
  youtube-ios-player-helper: 21ab92db027c7ff86cb17a3843a3f6eafc8158d2

PODFILE CHECKSUM: 93a3c4c1a553fd55909b1529384b7e2b8bd70207

COCOAPODS: 1.2.1
